
Microsoft Visual Studio Solution File, Format Version 12.00
# Visual Studio Version 17
VisualStudioVersion = 17.11.35222.181
MinimumVisualStudioVersion = 10.0.40219.1
Project("{9A19103F-16F7-4668-BE54-9A1E7A4F7556}") = "CalculaAumentoNaoEstatico", "CalculaAumentoNaoEstatico\CalculaAumentoNaoEstatico.csproj", "{6F5D409B-28C0-4730-8F67-C72B1235F780}"
EndProject
Project("{9A19103F-16F7-4668-BE54-9A1E7A4F7556}") = "CalculaAumentoTest", "CalculaAumentoTest\CalculaAumentoTest.csproj", "{423CC5DA-49A5-4D64-89DB-D42E37389150}"
EndProject
Project("{9A19103F-16F7-4668-BE54-9A1E7A4F7556}") = "SequenciaFibonacci", "SequenciaFibonacci\SequenciaFibonacci.csproj", "{167477F1-90F5-4DB7-917E-7712EC2560E9}"
EndProject
Project("{9A19103F-16F7-4668-BE54-9A1E7A4F7556}") = "FiboTest", "FiboTest\FiboTest.csproj", "{7FA0E04D-E116-4EEF-817B-E8F2E8EC3B9F}"
EndProject
Project("{9A19103F-16F7-4668-BE54-9A1E7A4F7556}") = "Menu", "Menu\Menu.csproj", "{40D4D2AE-3B52-4CE4-AFBE-4F7C4DD8D26E}"
EndProject
Global
	GlobalSection(SolutionConfigurationPlatforms) = preSolution
		Debug|Any CPU = Debug|Any CPU
		Release|Any CPU = Release|Any CPU
	EndGlobalSection
	GlobalSection(ProjectConfigurationPlatforms) = postSolution
		{6F5D409B-28C0-4730-8F67-C72B1235F780}.Debug|Any CPU.ActiveCfg = Debug|Any CPU
		{6F5D409B-28C0-4730-8F67-C72B1235F780}.Debug|Any CPU.Build.0 = Debug|Any CPU
		{6F5D409B-28C0-4730-8F67-C72B1235F780}.Release|Any CPU.ActiveCfg = Release|Any CPU
		{6F5D409B-28C0-4730-8F67-C72B1235F780}.Release|Any CPU.Build.0 = Release|Any CPU
		{423CC5DA-49A5-4D64-89DB-D42E37389150}.Debug|Any CPU.ActiveCfg = Debug|Any CPU
		{423CC5DA-49A5-4D64-89DB-D42E37389150}.Debug|Any CPU.Build.0 = Debug|Any CPU
		{423CC5DA-49A5-4D64-89DB-D42E37389150}.Release|Any CPU.ActiveCfg = Release|Any CPU
		{423CC5DA-49A5-4D64-89DB-D42E37389150}.Release|Any CPU.Build.0 = Release|Any CPU
		{167477F1-90F5-4DB7-917E-7712EC2560E9}.Debug|Any CPU.ActiveCfg = Debug|Any CPU
		{167477F1-90F5-4DB7-917E-7712EC2560E9}.Debug|Any CPU.Build.0 = Debug|Any CPU
		{167477F1-90F5-4DB7-917E-7712EC2560E9}.Release|Any CPU.ActiveCfg = Release|Any CPU
		{167477F1-90F5-4DB7-917E-7712EC2560E9}.Release|Any CPU.Build.0 = Release|Any CPU
		{7FA0E04D-E116-4EEF-817B-E8F2E8EC3B9F}.Debug|Any CPU.ActiveCfg = Debug|Any CPU
		{7FA0E04D-E116-4EEF-817B-E8F2E8EC3B9F}.Debug|Any CPU.Build.0 = Debug|Any CPU
		{7FA0E04D-E116-4EEF-817B-E8F2E8EC3B9F}.Release|Any CPU.ActiveCfg = Release|Any CPU
		{7FA0E04D-E116-4EEF-817B-E8F2E8EC3B9F}.Release|Any CPU.Build.0 = Release|Any CPU
		{40D4D2AE-3B52-4CE4-AFBE-4F7C4DD8D26E}.Debug|Any CPU.ActiveCfg = Debug|Any CPU
		{40D4D2AE-3B52-4CE4-AFBE-4F7C4DD8D26E}.Debug|Any CPU.Build.0 = Debug|Any CPU
		{40D4D2AE-3B52-4CE4-AFBE-4F7C4DD8D26E}.Release|Any CPU.ActiveCfg = Release|Any CPU
		{40D4D2AE-3B52-4CE4-AFBE-4F7C4DD8D26E}.Release|Any CPU.Build.0 = Release|Any CPU
	EndGlobalSection
	GlobalSection(SolutionProperties) = preSolution
		HideSolutionNode = FALSE
	EndGlobalSection
	GlobalSection(ExtensibilityGlobals) = postSolution
		SolutionGuid = {A35EDA8B-167B-49FC-BC68-3875377D9BD4}
	EndGlobalSection
EndGlobal
